
Microsoft Visual Studio Solution File, Format Version 12.00
# Visual Studio Version 17
VisualStudioVersion = 17.0.31912.275
MinimumVisualStudioVersion = 10.0.40219.1
Project("{FAE04EC0-301F-11D3-BF4B-00C04F79EFBC}") = "WpfЗадание16.1", "WpfЗадание16.1\WpfЗадание16.1.csproj", "{6231E595-49F1-4B7F-BFA5-AD6758C05D7A}"
EndProject
Global
	GlobalSection(SolutionConfigurationPlatforms) = preSolution
		Debug|Any CPU = Debug|Any CPU
		Release|Any CPU = Release|Any CPU
	EndGlobalSection
	GlobalSection(ProjectConfigurationPlatforms) = postSolution
		{6231E595-49F1-4B7F-BFA5-AD6758C05D7A}.Debug|Any CPU.ActiveCfg = Debug|Any CPU
		{6231E595-49F1-4B7F-BFA5-AD6758C05D7A}.Debug|Any CPU.Build.0 = Debug|Any CPU
		{6231E595-49F1-4B7F-BFA5-AD6758C05D7A}.Release|Any CPU.ActiveCfg = Release|Any CPU
		{6231E595-49F1-4B7F-BFA5-AD6758C05D7A}.Release|Any CPU.Build.0 = Release|Any CPU
	EndGlobalSection
	GlobalSection(SolutionProperties) = preSolution
		HideSolutionNode = FALSE
	EndGlobalSection
	GlobalSection(ExtensibilityGlobals) = postSolution
		SolutionGuid = {004231DC-FAFD-49F5-BC30-08247B0A880A}
	EndGlobalSection
EndGlobal
